
Microsoft Visual Studio Solution File, Format Version 12.00
# Visual Studio Version 16
VisualStudioVersion = 16.0.29201.188
MinimumVisualStudioVersion = 10.0.40219.1
Project("{FAE04EC0-301F-11D3-BF4B-00C04F79EFBC}") = "DitaDotNetLib", "DitaDotNetLib\DitaDotNetLib.csproj", "{CC5685A9-A330-43C6-A4C2-6FAD66BE5B9E}"
EndProject
Project("{FAE04EC0-301F-11D3-BF4B-00C04F79EFBC}") = "DitaDotNetConsole", "DitaDotNetConsole\DitaDotNetConsole.csproj", "{51F48732-E330-47B5-84EF-BFEF54729F5A}"
EndProject
Global
	GlobalSection(SolutionConfigurationPlatforms) = preSolution
		Debug|Any CPU = Debug|Any CPU
		Release|Any CPU = Release|Any CPU
	EndGlobalSection
	GlobalSection(ProjectConfigurationPlatforms) = postSolution
		{CC5685A9-A330-43C6-A4C2-6FAD66BE5B9E}.Debug|Any CPU.ActiveCfg = Debug|Any CPU
		{CC5685A9-A330-43C6-A4C2-6FAD66BE5B9E}.Debug|Any CPU.Build.0 = Debug|Any CPU
		{CC5685A9-A330-43C6-A4C2-6FAD66BE5B9E}.Release|Any CPU.ActiveCfg = Release|Any CPU
		{CC5685A9-A330-43C6-A4C2-6FAD66BE5B9E}.Release|Any CPU.Build.0 = Release|Any CPU
		{51F48732-E330-47B5-84EF-BFEF54729F5A}.Debug|Any CPU.ActiveCfg = Debug|Any CPU
		{51F48732-E330-47B5-84EF-BFEF54729F5A}.Debug|Any CPU.Build.0 = Debug|Any CPU
		{51F48732-E330-47B5-84EF-BFEF54729F5A}.Release|Any CPU.ActiveCfg = Release|Any CPU
		{51F48732-E330-47B5-84EF-BFEF54729F5A}.Release|Any CPU.Build.0 = Release|Any CPU
	EndGlobalSection
	GlobalSection(SolutionProperties) = preSolution
		HideSolutionNode = FALSE
	EndGlobalSection
	GlobalSection(ExtensibilityGlobals) = postSolution
		SolutionGuid = {5F5D520C-2527-402D-A0E6-11FD22A0BEAA}
	EndGlobalSection
EndGlobal
